# @generated by Move, please check-in and do not edit manually.

[move]
version = 0
manifest_digest = "387169662ECD82FB7729E0B5C8D158F9193171C0A6B6FBE33E49E2A3FCC9697A"
deps_digest = "F8BBB0CCB2491CA29A3DF03D6F92277A4F3574266507ACD77214D37ECA3F3082"

dependencies = [
  { name = "Sui" },
]

[[move.package]]
name = "MoveStdlib"
source = { git = "https://github.com/MystenLabs/sui.git", rev = "releases/sui-v0.29.0-release", subdir = "crates/sui-framework/packages/move-stdlib" }

[[move.package]]
name = "Sui"
source = { git = "https://github.com/MystenLabs/sui.git", rev = "releases/sui-v0.29.0-release", subdir = "crates/sui-framework/packages/sui-framework" }

dependencies = [
  { name = "MoveStdlib" },
]

[move.toolchain-version]
compiler-version = "1.16.1"
edition = "legacy"
flavor = "sui"
